
Microsoft Visual Studio Solution File, Format Version 12.00
# Visual Studio Version 17
VisualStudioVersion = 17.12.35527.113
MinimumVisualStudioVersion = 10.0.40219.1
Project("{FAE04EC0-301F-11D3-BF4B-00C04F79EFBC}") = "ClinicalTrialApp", "ClinicalTrialApp\ClinicalTrialApp.csproj", "{9B0B3E20-45B4-452B-A342-501DE1DBB1C8}"
EndProject
Project("{2150E333-8FDC-42A3-9474-1A3956D46DE8}") = "Tests", "Tests", "{C35295B1-7B0F-4988-A5C8-8FE69F1519DF}"
EndProject
Project("{FAE04EC0-301F-11D3-BF4B-00C04F79EFBC}") = "Application.Integration.Tests", "Application.Integration.Tests\Application.Integration.Tests.csproj", "{D1BD5ED8-5CAC-4F32-A10D-4AB2217977DB}"
EndProject
Project("{FAE04EC0-301F-11D3-BF4B-00C04F79EFBC}") = "Application.Unit.Tests", "Application.Unit.Tests\Application.Unit.Tests.csproj", "{14518D79-3387-4930-8A85-F3861433DB64}"
EndProject
Global
	GlobalSection(SolutionConfigurationPlatforms) = preSolution
		Debug|Any CPU = Debug|Any CPU
		Release|Any CPU = Release|Any CPU
	EndGlobalSection
	GlobalSection(ProjectConfigurationPlatforms) = postSolution
		{9B0B3E20-45B4-452B-A342-501DE1DBB1C8}.Debug|Any CPU.ActiveCfg = Debug|Any CPU
		{9B0B3E20-45B4-452B-A342-501DE1DBB1C8}.Debug|Any CPU.Build.0 = Debug|Any CPU
		{9B0B3E20-45B4-452B-A342-501DE1DBB1C8}.Release|Any CPU.ActiveCfg = Release|Any CPU
		{9B0B3E20-45B4-452B-A342-501DE1DBB1C8}.Release|Any CPU.Build.0 = Release|Any CPU
		{D1BD5ED8-5CAC-4F32-A10D-4AB2217977DB}.Debug|Any CPU.ActiveCfg = Debug|Any CPU
		{D1BD5ED8-5CAC-4F32-A10D-4AB2217977DB}.Debug|Any CPU.Build.0 = Debug|Any CPU
		{D1BD5ED8-5CAC-4F32-A10D-4AB2217977DB}.Release|Any CPU.ActiveCfg = Release|Any CPU
		{D1BD5ED8-5CAC-4F32-A10D-4AB2217977DB}.Release|Any CPU.Build.0 = Release|Any CPU
		{14518D79-3387-4930-8A85-F3861433DB64}.Debug|Any CPU.ActiveCfg = Debug|Any CPU
		{14518D79-3387-4930-8A85-F3861433DB64}.Debug|Any CPU.Build.0 = Debug|Any CPU
		{14518D79-3387-4930-8A85-F3861433DB64}.Release|Any CPU.ActiveCfg = Release|Any CPU
		{14518D79-3387-4930-8A85-F3861433DB64}.Release|Any CPU.Build.0 = Release|Any CPU
	EndGlobalSection
	GlobalSection(SolutionProperties) = preSolution
		HideSolutionNode = FALSE
	EndGlobalSection
	GlobalSection(NestedProjects) = preSolution
		{D1BD5ED8-5CAC-4F32-A10D-4AB2217977DB} = {C35295B1-7B0F-4988-A5C8-8FE69F1519DF}
		{14518D79-3387-4930-8A85-F3861433DB64} = {C35295B1-7B0F-4988-A5C8-8FE69F1519DF}
	EndGlobalSection
EndGlobal
